
Microsoft Visual Studio Solution File, Format Version 12.00
# Visual Studio Version 17
VisualStudioVersion = 17.8.34330.188
MinimumVisualStudioVersion = 10.0.40219.1
Project("{BBD0F5D1-1CC4-42FD-BA4C-A96779C64378}") = "ClassLibrary1", "ClassLibrary1\ClassLibrary1.synproj", "{064D34F2-87F4-472C-B03C-E7C53958ECE1}"
EndProject
Project("{FAE04EC0-301F-11D3-BF4B-00C04F79EFBC}") = "ClassLibrary2", "ClassLibrary2\ClassLibrary2.csproj", "{EFBBD101-CC72-465D-B4EB-DBF5D53E2360}"
EndProject
Global
	GlobalSection(SolutionConfigurationPlatforms) = preSolution
		Debug|Any CPU = Debug|Any CPU
		Debug|x86 = Debug|x86
		Release|Any CPU = Release|Any CPU
		Release|x86 = Release|x86
	EndGlobalSection
	GlobalSection(ProjectConfigurationPlatforms) = postSolution
		{064D34F2-87F4-472C-B03C-E7C53958ECE1}.Debug|Any CPU.ActiveCfg = Debug|Any CPU
		{064D34F2-87F4-472C-B03C-E7C53958ECE1}.Debug|Any CPU.Build.0 = Debug|Any CPU
		{064D34F2-87F4-472C-B03C-E7C53958ECE1}.Debug|x86.ActiveCfg = Debug|x86
		{064D34F2-87F4-472C-B03C-E7C53958ECE1}.Debug|x86.Build.0 = Debug|x86
		{064D34F2-87F4-472C-B03C-E7C53958ECE1}.Release|Any CPU.ActiveCfg = Release|Any CPU
		{064D34F2-87F4-472C-B03C-E7C53958ECE1}.Release|Any CPU.Build.0 = Release|Any CPU
		{064D34F2-87F4-472C-B03C-E7C53958ECE1}.Release|x86.ActiveCfg = Release|x86
		{064D34F2-87F4-472C-B03C-E7C53958ECE1}.Release|x86.Build.0 = Release|x86
		{EFBBD101-CC72-465D-B4EB-DBF5D53E2360}.Debug|Any CPU.ActiveCfg = Debug|Any CPU
		{EFBBD101-CC72-465D-B4EB-DBF5D53E2360}.Debug|Any CPU.Build.0 = Debug|Any CPU
		{EFBBD101-CC72-465D-B4EB-DBF5D53E2360}.Debug|x86.ActiveCfg = Debug|Any CPU
		{EFBBD101-CC72-465D-B4EB-DBF5D53E2360}.Debug|x86.Build.0 = Debug|Any CPU
		{EFBBD101-CC72-465D-B4EB-DBF5D53E2360}.Release|Any CPU.ActiveCfg = Release|Any CPU
		{EFBBD101-CC72-465D-B4EB-DBF5D53E2360}.Release|Any CPU.Build.0 = Release|Any CPU
		{EFBBD101-CC72-465D-B4EB-DBF5D53E2360}.Release|x86.ActiveCfg = Release|Any CPU
		{EFBBD101-CC72-465D-B4EB-DBF5D53E2360}.Release|x86.Build.0 = Release|Any CPU
	EndGlobalSection
	GlobalSection(SolutionProperties) = preSolution
		HideSolutionNode = FALSE
	EndGlobalSection
	GlobalSection(ExtensibilityGlobals) = postSolution
		SolutionGuid = {CEEB5732-E8DC-4910-AE61-788C4D48085D}
	EndGlobalSection
EndGlobal
